
Microsoft Visual Studio Solution File, Format Version 12.00
# Visual Studio Version 17
VisualStudioVersion = 17.4.33403.182
MinimumVisualStudioVersion = 10.0.40219.1
Project("{9A19103F-16F7-4668-BE54-9A1E7A4F7556}") = "First Jason Project", "First Jason Project\First Jason Project.csproj", "{D6F2820C-C360-4767-A762-A2AAC78B75CE}"
EndProject
Project("{9A19103F-16F7-4668-BE54-9A1E7A4F7556}") = "MLModel1_ConsoleApp1", "MLModel1_ConsoleApp1\MLModel1_ConsoleApp1.csproj", "{9AF5ED13-BD6C-48CA-A854-CDF40D42B648}"
EndProject
Global
	GlobalSection(SolutionConfigurationPlatforms) = preSolution
		Debug|Any CPU = Debug|Any CPU
		Release|Any CPU = Release|Any CPU
	EndGlobalSection
	GlobalSection(ProjectConfigurationPlatforms) = postSolution
		{D6F2820C-C360-4767-A762-A2AAC78B75CE}.Debug|Any CPU.ActiveCfg = Debug|Any CPU
		{D6F2820C-C360-4767-A762-A2AAC78B75CE}.Debug|Any CPU.Build.0 = Debug|Any CPU
		{D6F2820C-C360-4767-A762-A2AAC78B75CE}.Release|Any CPU.ActiveCfg = Release|Any CPU
		{D6F2820C-C360-4767-A762-A2AAC78B75CE}.Release|Any CPU.Build.0 = Release|Any CPU
		{9AF5ED13-BD6C-48CA-A854-CDF40D42B648}.Debug|Any CPU.ActiveCfg = Debug|Any CPU
		{9AF5ED13-BD6C-48CA-A854-CDF40D42B648}.Debug|Any CPU.Build.0 = Debug|Any CPU
		{9AF5ED13-BD6C-48CA-A854-CDF40D42B648}.Release|Any CPU.ActiveCfg = Release|Any CPU
		{9AF5ED13-BD6C-48CA-A854-CDF40D42B648}.Release|Any CPU.Build.0 = Release|Any CPU
	EndGlobalSection
	GlobalSection(SolutionProperties) = preSolution
		HideSolutionNode = FALSE
	EndGlobalSection
	GlobalSection(ExtensibilityGlobals) = postSolution
		SolutionGuid = {37C007E9-22BD-4A66-BC77-E90707FB5459}
	EndGlobalSection
EndGlobal
